
Microsoft Visual Studio Solution File, Format Version 12.00
# Visual Studio Version 16
VisualStudioVersion = 16.0.31613.86
MinimumVisualStudioVersion = 10.0.40219.1
Project("{9A19103F-16F7-4668-BE54-9A1E7A4F7556}") = "MassCalculatorWithTests", "MassCalculatorWithTests\MassCalculatorWithTests.csproj", "{B6B64358-9971-459D-90E4-7F736DC68C51}"
EndProject
Project("{9A19103F-16F7-4668-BE54-9A1E7A4F7556}") = "CalculatorTests", "CalculatorTests\CalculatorTests.csproj", "{4D6D6603-E8BD-4628-B990-3545561C216C}"
EndProject
Project("{FAE04EC0-301F-11D3-BF4B-00C04F79EFBC}") = "UnitConverter", "UnitConverter\UnitConverter.csproj", "{374E5719-9FC7-4BAC-97F3-FEE6E4FED137}"
EndProject
Global
	GlobalSection(SolutionConfigurationPlatforms) = preSolution
		Debug|Any CPU = Debug|Any CPU
		Release|Any CPU = Release|Any CPU
	EndGlobalSection
	GlobalSection(ProjectConfigurationPlatforms) = postSolution
		{B6B64358-9971-459D-90E4-7F736DC68C51}.Debug|Any CPU.ActiveCfg = Debug|Any CPU
		{B6B64358-9971-459D-90E4-7F736DC68C51}.Debug|Any CPU.Build.0 = Debug|Any CPU
		{B6B64358-9971-459D-90E4-7F736DC68C51}.Release|Any CPU.ActiveCfg = Release|Any CPU
		{B6B64358-9971-459D-90E4-7F736DC68C51}.Release|Any CPU.Build.0 = Release|Any CPU
		{4D6D6603-E8BD-4628-B990-3545561C216C}.Debug|Any CPU.ActiveCfg = Debug|Any CPU
		{4D6D6603-E8BD-4628-B990-3545561C216C}.Debug|Any CPU.Build.0 = Debug|Any CPU
		{4D6D6603-E8BD-4628-B990-3545561C216C}.Release|Any CPU.ActiveCfg = Release|Any CPU
		{4D6D6603-E8BD-4628-B990-3545561C216C}.Release|Any CPU.Build.0 = Release|Any CPU
		{374E5719-9FC7-4BAC-97F3-FEE6E4FED137}.Debug|Any CPU.ActiveCfg = Debug|Any CPU
		{374E5719-9FC7-4BAC-97F3-FEE6E4FED137}.Debug|Any CPU.Build.0 = Debug|Any CPU
		{374E5719-9FC7-4BAC-97F3-FEE6E4FED137}.Release|Any CPU.ActiveCfg = Release|Any CPU
		{374E5719-9FC7-4BAC-97F3-FEE6E4FED137}.Release|Any CPU.Build.0 = Release|Any CPU
	EndGlobalSection
	GlobalSection(SolutionProperties) = preSolution
		HideSolutionNode = FALSE
	EndGlobalSection
	GlobalSection(ExtensibilityGlobals) = postSolution
		SolutionGuid = {2FD7C43B-64A2-4E36-A1B1-D5A248E639B5}
	EndGlobalSection
EndGlobal
